// !$*UTF8*$!
{
	archiveVersion = 1;
	classes = {
	};
	objectVersion = 46;
	objects = {

/* Begin PBXBuildFile section */
		ADED57ED1BAB4ADC00D83E7F /* AppDelegate.swift in Sources */ = {isa = PBXBuildFile; fileRef = ADED57EC1BAB4ADC00D83E7F /* AppDelegate.swift */; };
		ADED57EF1BAB4ADC00D83E7F /* ViewController.swift in Sources */ = {isa = PBXBuildFile; fileRef = ADED57EE1BAB4ADC00D83E7F /* ViewController.swift */; };
		ADED57F21BAB4ADC00D83E7F /* Main.storyboard in Resources */ = {isa = PBXBuildFile; fileRef = ADED57F01BAB4ADC00D83E7F /* Main.storyboard */; };
		ADED57F41BAB4ADC00D83E7F /* Assets.xcassets in Resources */ = {isa = PBXBuildFile; fileRef = ADED57F31BAB4ADC00D83E7F /* Assets.xcassets */; };
		ADED57F71BAB4ADC00D83E7F /* LaunchScreen.storyboard in Resources */ = {isa = PBXBuildFile; fileRef = ADED57F51BAB4ADC00D83E7F /* LaunchScreen.storyboard */; };
/* End PBXBuildFile section */

/* Begin PBXFileReference section */
		ADED57E91BAB4ADC00D83E7F /* Animal Age Calculator.app */ = {isa = PBXFileReference; explicitFileType = wrapper.application; includeInIndex = 0; path = "Animal Age Calculator.app"; sourceTree = BUILT_PRODUCTS_DIR; };
		ADED57EC1BAB4ADC00D83E7F /* AppDelegate.swift */ = {isa = PBXFileReference; lastKnownFileType = sourcecode.swift; path = AppDelegate.swift; sourceTree = "<group>"; };
		ADED57EE1BAB4ADC00D83E7F /* ViewController.swift */ = {isa = PBXFileReference; lastKnownFileType = sourcecode.swift; path = ViewController.swift; sourceTree = "<group>"; };
		ADED57F11BAB4ADC00D83E7F /* Base */ = {isa = PBXFileReference; lastKnownFileType = file.storyboard; name = Base; path = Base.lproj/Main.storyboard; sourceTree = "<group>"; };
		ADED57F31BAB4ADC00D83E7F /* Assets.xcassets */ = {isa = PBXFileReference; lastKnownFileType = folder.assetcatalog; path = Assets.xcassets; sourceTree = "<group>"; };
		ADED57F61BAB4ADC00D83E7F /* Base */ = {isa = PBXFileReference; lastKnownFileType = file.storyboard; name = Base; path = Base.lproj/LaunchScreen.storyboard; sourceTree = "<group>"; };
		ADED57F81BAB4ADC00D83E7F /* Info.plist */ = {isa = PBXFileReference; lastKnownFileType = text.plist.xml; path = Info.plist; sourceTree = "<group>"; };
/* End PBXFileReference section */

/* Begin PBXFrameworksBuildPhase section */
		ADED57E61BAB4ADB00D83E7F /* Frameworks */ = {
			isa = PBXFrameworksBuildPhase;
			buildActionMask = 2147483647;
			files = (
			);
			runOnlyForDeploymentPostprocessing = 0;
		};
/* End PBXFrameworksBuildPhase section */

/* Begin PBXGroup section */
		ADED57E01BAB4ADB00D83E7F = {
			isa = PBXGroup;
			children = (
				ADED57EB1BAB4ADC00D83E7F /* Animal Age Calculator */,
				ADED57EA1BAB4ADC00D83E7F /* Products */,
			);
			sourceTree = "<group>";
		};
		ADED57EA1BAB4ADC00D83E7F /* Products */ = {
			isa = PBXGroup;
			children = (
				ADED57E91BAB4ADC00D83E7F /* Animal Age Calculator.app */,
			);
			name = Products;
			sourceTree = "<group>";
		};
		ADED57EB1BAB4ADC00D83E7F /* Animal Age Calculator */ = {
			isa = PBXGroup;
			children = (
				ADED57EC1BAB4ADC00D83E7F /* AppDelegate.swift */,
				ADED57EE1BAB4ADC00D83E7F /* ViewController.swift */,
				ADED57F01BAB4ADC00D83E7F /* Main.storyboard */,
				ADED57F31BAB4ADC00D83E7F /* Assets.xcassets */,
				ADED57F51BAB4ADC00D83E7F /* LaunchScreen.storyboard */,
				ADED57F81BAB4ADC00D83E7F /* Info.plist */,
			);
			path = "Animal Age Calculator";
			sourceTree = "<group>";
		};
/* End PBXGroup section */

/* Begin PBXNativeTarget section */
		ADED57E81BAB4ADB00D83E7F /* Animal Age Calculator */ = {
			isa = PBXNativeTarget;
			buildConfigurationList = ADED57FB1BAB4ADC00D83E7F /* Build configuration list for PBXNativeTarget "Animal Age Calculator" */;
			buildPhases = (
				ADED57E51BAB4ADB00D83E7F /* Sources */,
				ADED57E61BAB4ADB00D83E7F /* Frameworks */,
				ADED57E71BAB4ADB00D83E7F /* Resources */,
			);
			buildRules = (
			);
			dependencies = (
			);
			name = "Animal Age Calculator";
			productName = "Animal Age Calculator";
			productReference = ADED57E91BAB4ADC00D83E7F /* Animal Age Calculator.app */;
			productType = "com.apple.product-type.application";
		};
/* End PBXNativeTarget section */

/* Begin PBXProject section */
		ADED57E11BAB4ADB00D83E7F /* Project object */ = {
			isa = PBXProject;
			attributes = {
				LastUpgradeCheck = 0710;
				ORGANIZATIONNAME = LiquidGroup;
				TargetAttributes = {
					ADED57E81BAB4ADB00D83E7F = {
						CreatedOnToolsVersion = 7.1;
					};
				};
			};
			buildConfigurationList = ADED57E41BAB4ADB00D83E7F /* Build configuration list for PBXProject "Animal Age Calculator" */;
			compatibilityVersion = "Xcode 3.2";
			developmentRegion = English;
			hasScannedForEncodings = 0;
			knownRegions = (
				en,
				Base,
			);
			mainGroup = ADED57E01BAB4ADB00D83E7F;
			productRefGroup = ADED57EA1BAB4ADC00D83E7F /* Products */;
			projectDirPath = "";
			projectRoot = "";
			targets = (
				ADED57E81BAB4ADB00D83E7F /* Animal Age Calculator */,
			);
		};
/* End PBXProject section */

/* Begin PBXResourcesBuildPhase section */
		ADED57E71BAB4ADB00D83E7F /* Resources */ = {
			isa = PBXResourcesBuildPhase;
			buildActionMask = 2147483647;
			files = (
				ADED57F71BAB4ADC00D83E7F /* LaunchScreen.storyboard in Resources */,
				ADED57F41BAB4ADC00D83E7F /* Assets.xcassets in Resources */,
				ADED57F21BAB4ADC00D83E7F /* Main.storyboard in Resources */,
			);
			runOnlyForDeploymentPostprocessing = 0;
		};
/* End PBXResourcesBuildPhase section */

/* Begin PBXSourcesBuildPhase section */
		ADED57E51BAB4ADB00D83E7F /* Sources */ = {
			isa = PBXSourcesBuildPhase;
			buildActionMask = 2147483647;
			files = (
				ADED57EF1BAB4ADC00D83E7F /* ViewController.swift in Sources */,
				ADED57ED1BAB4ADC00D83E7F /* AppDelegate.swift in Sources */,
			);
			runOnlyForDeploymentPostprocessing = 0;
		};
/* End PBXSourcesBuildPhase section */

/* Begin PBXVariantGroup section */
		ADED57F01BAB4ADC00D83E7F /* Main.storyboard */ = {
			isa = PBXVariantGroup;
			children = (
				ADED57F11BAB4ADC00D83E7F /* Base */,
			);
			name = Main.storyboard;
			sourceTree = "<group>";
		};
		ADED57F51BAB4ADC00D83E7F /* LaunchScreen.storyboard */ = {
			isa = PBXVariantGroup;
			children = (
				ADED57F61BAB4ADC00D83E7F /* Base */,
			);
			name = LaunchScreen.storyboard;
			sourceTree = "<group>";
		};
/* End PBXVariantGroup section */

/* Begin XCBuildConfiguration section */
		ADED57F91BAB4ADC00D83E7F /* Debug */ = {
			isa = XCBuildConfiguration;
			buildSettings = {
				ALWAYS_SEARCH_USER_PATHS = NO;
				CLANG_CXX_LANGUAGE_STANDARD = "gnu++0x";
				CLANG_CXX_LIBRARY = "libc++";
				CLANG_ENABLE_MODULES = YES;
				CLANG_ENABLE_OBJC_ARC = YES;
				CLANG_WARN_BOOL_CONVERSION = YES;
				CLANG_WARN_CONSTANT_CONVERSION = YES;
				CLANG_WARN_DIRECT_OBJC_ISA_USAGE = YES_ERROR;
				CLANG_WARN_EMPTY_BODY = YES;
				CLANG_WARN_ENUM_CONVERSION = YES;
				CLANG_WARN_INT_CONVERSION = YES;
				CLANG_WARN_OBJC_ROOT_CLASS = YES_ERROR;
				CLANG_WARN_UNREACHABLE_CODE = YES;
				CLANG_WARN__DUPLICATE_METHOD_MATCH = YES;
				"CODE_SIGN_IDENTITY[sdk=iphoneos*]" = "iPhone Developer";
				COPY_PHASE_STRIP = NO;
				DEBUG_INFORMATION_FORMAT = dwarf;
				ENABLE_STRICT_OBJC_MSGSEND = YES;
				ENABLE_TESTABILITY = YES;
				GCC_C_LANGUAGE_STANDARD = gnu99;
				GCC_DYNAMIC_NO_PIC = NO;
				GCC_NO_COMMON_BLOCKS = YES;
				GCC_OPTIMIZATION_LEVEL = 0;
				GCC_PREPROCESSOR_DEFINITIONS = (
					"DEBUG=1",
					"$(inherited)",
				);
				GCC_WARN_64_TO_32_BIT_CONVERSION = YES;
				GCC_WARN_ABOUT_RETURN_TYPE = YES_ERROR;
				GCC_WARN_UNDECLARED_SELECTOR = YES;
				GCC_WARN_UNINITIALIZED_AUTOS = YES_AGGRESSIVE;
				GCC_WARN_UNUSED_FUNCTION = YES;
				GCC_WARN_UNUSED_VARIABLE = YES;
				IPHONEOS_DEPLOYMENT_TARGET = 9.1;
				MTL_ENABLE_DEBUG_INFO = YES;
				ONLY_ACTIVE_ARCH = YES;
				SDKROOT = iphoneos;
				SWIFT_OPTIMIZATION_LEVEL = "-Onone";
			};
			name = Debug;
		};
		ADED57FA1BAB4ADC00D83E7F /* Release */ = {
			isa = XCBuildConfiguration;
			buildSettings = {
				ALWAYS_SEARCH_USER_PATHS = NO;
				CLANG_CXX_LANGUAGE_STANDARD = "gnu++0x";
				CLANG_CXX_LIBRARY = "libc++";
				CLANG_ENABLE_MODULES = YES;
				CLANG_ENABLE_OBJC_ARC = YES;
				CLANG_WARN_BOOL_CONVERSION = YES;
				CLANG_WARN_CONSTANT_CONVERSION = YES;
				CLANG_WARN_DIRECT_OBJC_ISA_USAGE = YES_ERROR;
				CLANG_WARN_EMPTY_BODY = YES;
				CLANG_WARN_ENUM_CONVERSION = YES;
				CLANG_WARN_INT_CONVERSION = YES;
				CLANG_WARN_OBJC_ROOT_CLASS = YES_ERROR;
				CLANG_WARN_UNREACHABLE_CODE = YES;
				CLANG_WARN__DUPLICATE_METHOD_MATCH = YES;
				"CODE_SIGN_IDENTITY[sdk=iphoneos*]" = "iPhone Developer";
				COPY_PHASE_STRIP = NO;
				DEBUG_INFORMATION_FORMAT = "dwarf-with-dsym";
				ENABLE_NS_ASSERTIONS = NO;
				ENABLE_STRICT_OBJC_MSGSEND = YES;
				GCC_C_LANGUAGE_STANDARD = gnu99;
				GCC_NO_COMMON_BLOCKS = YES;
				GCC_WARN_64_TO_32_BIT_CONVERSION = YES;
				GCC_WARN_ABOUT_RETURN_TYPE = YES_ERROR;
				GCC_WARN_UNDECLARED_SELECTOR = YES;
				GCC_WARN_UNINITIALIZED_AUTOS = YES_AGGRESSIVE;
				GCC_WARN_UNUSED_FUNCTION = YES;
				GCC_WARN_UNUSED_VARIABLE = YES;
				IPHONEOS_DEPLOYMENT_TARGET = 9.1;
				MTL_ENABLE_DEBUG_INFO = NO;
				SDKROOT = iphoneos;
				VALIDATE_PRODUCT = YES;
			};
			name = Release;
		};
		ADED57FC1BAB4ADC00D83E7F /* Debug */ = {
			isa = XCBuildConfiguration;
			buildSettings = {
				ASSETCATALOG_COMPILER_APPICON_NAME = AppIcon;
				INFOPLIST_FILE = "Animal Age Calculator/Info.plist";
				LD_RUNPATH_SEARCH_PATHS = "$(inherited) @executable_path/Frameworks";
				PRODUCT_BUNDLE_IDENTIFIER = "com.LiquidGroup.Animal-Age-Calculator";
				PRODUCT_NAME = "$(TARGET_NAME)";
			};
			name = Debug;
		};
		ADED57FD1BAB4ADC00D83E7F /* Release */ = {
			isa = XCBuildConfiguration;
			buildSettings = {
				ASSETCATALOG_COMPILER_APPICON_NAME = AppIcon;
				INFOPLIST_FILE = "Animal Age Calculator/Info.plist";
				LD_RUNPATH_SEARCH_PATHS = "$(inherited) @executable_path/Frameworks";
				PRODUCT_BUNDLE_IDENTIFIER = "com.LiquidGroup.Animal-Age-Calculator";
				PRODUCT_NAME = "$(TARGET_NAME)";
			};
			name = Release;
		};
/* End XCBuildConfiguration section */

/* Begin XCConfigurationList section */
		ADED57E41BAB4ADB00D83E7F /* Build configuration list for PBXProject "Animal Age Calculator" */ = {
			isa = XCConfigurationList;
			buildConfigurations = (
				ADED57F91BAB4ADC00D83E7F /* Debug */,
				ADED57FA1BAB4ADC00D83E7F /* Release */,
			);
			defaultConfigurationIsVisible = 0;
			defaultConfigurationName = Release;
		};
		ADED57FB1BAB4ADC00D83E7F /* Build configuration list for PBXNativeTarget "Animal Age Calculator" */ = {
			isa = XCConfigurationList;
			buildConfigurations = (
				ADED57FC1BAB4ADC00D83E7F /* Debug */,
				ADED57FD1BAB4ADC00D83E7F /* Release */,
			);
			defaultConfigurationIsVisible = 0;
		};
/* End XCConfigurationList section */
	};
	rootObject = ADED57E11BAB4ADB00D83E7F /* Project object */;
}
